
Microsoft Visual Studio Solution File, Format Version 12.00
# Visual Studio Version 16
VisualStudioVersion = 16.0.31702.278
MinimumVisualStudioVersion = 10.0.40219.1
Project("{FAE04EC0-301F-11D3-BF4B-00C04F79EFBC}") = "noleggio", "noleggio\noleggio.csproj", "{4DDAE83A-C77E-465D-B2D1-6745CC82D5D0}"
EndProject
Project("{FAE04EC0-301F-11D3-BF4B-00C04F79EFBC}") = "noleggio_DLL", "noleggio_DLL\noleggio_DLL.csproj", "{1EA90D99-C046-4CA0-B994-146DB39AE08C}"
EndProject
Global
	GlobalSection(SolutionConfigurationPlatforms) = preSolution
		Debug|Any CPU = Debug|Any CPU
		Release|Any CPU = Release|Any CPU
	EndGlobalSection
	GlobalSection(ProjectConfigurationPlatforms) = postSolution
		{4DDAE83A-C77E-465D-B2D1-6745CC82D5D0}.Debug|Any CPU.ActiveCfg = Debug|Any CPU
		{4DDAE83A-C77E-465D-B2D1-6745CC82D5D0}.Debug|Any CPU.Build.0 = Debug|Any CPU
		{4DDAE83A-C77E-465D-B2D1-6745CC82D5D0}.Release|Any CPU.ActiveCfg = Release|Any CPU
		{4DDAE83A-C77E-465D-B2D1-6745CC82D5D0}.Release|Any CPU.Build.0 = Release|Any CPU
		{1EA90D99-C046-4CA0-B994-146DB39AE08C}.Debug|Any CPU.ActiveCfg = Debug|Any CPU
		{1EA90D99-C046-4CA0-B994-146DB39AE08C}.Debug|Any CPU.Build.0 = Debug|Any CPU
		{1EA90D99-C046-4CA0-B994-146DB39AE08C}.Release|Any CPU.ActiveCfg = Release|Any CPU
		{1EA90D99-C046-4CA0-B994-146DB39AE08C}.Release|Any CPU.Build.0 = Release|Any CPU
	EndGlobalSection
	GlobalSection(SolutionProperties) = preSolution
		HideSolutionNode = FALSE
	EndGlobalSection
	GlobalSection(ExtensibilityGlobals) = postSolution
		SolutionGuid = {4C0EA9B2-C08F-4D4D-8464-6E86B33C8567}
	EndGlobalSection
EndGlobal
